
Microsoft Visual Studio Solution File, Format Version 12.00
Project("{FAE04EC0-301F-11D3-BF4B-00C04F79EFBC}") = "AlzaBox.API.CliExample", "AlzaBox.API.CliExample\AlzaBox.API.CliExample.csproj", "{D98569CB-8EA9-4866-A6FA-CC9A2D6D7302}"
EndProject
Project("{FAE04EC0-301F-11D3-BF4B-00C04F79EFBC}") = "AlzaBox.API", "AlzaBox.API\AlzaBox.API.csproj", "{F3D6FBA1-4820-4492-99B4-1B9CD8539A77}"
EndProject
Global
	GlobalSection(SolutionConfigurationPlatforms) = preSolution
		Debug|Any CPU = Debug|Any CPU
		Release|Any CPU = Release|Any CPU
	EndGlobalSection
	GlobalSection(ProjectConfigurationPlatforms) = postSolution
		{D98569CB-8EA9-4866-A6FA-CC9A2D6D7302}.Debug|Any CPU.ActiveCfg = Debug|Any CPU
		{D98569CB-8EA9-4866-A6FA-CC9A2D6D7302}.Debug|Any CPU.Build.0 = Debug|Any CPU
		{D98569CB-8EA9-4866-A6FA-CC9A2D6D7302}.Release|Any CPU.ActiveCfg = Release|Any CPU
		{D98569CB-8EA9-4866-A6FA-CC9A2D6D7302}.Release|Any CPU.Build.0 = Release|Any CPU
		{16DA393A-3560-437E-8D65-23902D284775}.Debug|Any CPU.ActiveCfg = Debug|Any CPU
		{16DA393A-3560-437E-8D65-23902D284775}.Debug|Any CPU.Build.0 = Debug|Any CPU
		{16DA393A-3560-437E-8D65-23902D284775}.Release|Any CPU.ActiveCfg = Release|Any CPU
		{16DA393A-3560-437E-8D65-23902D284775}.Release|Any CPU.Build.0 = Release|Any CPU
		{443949BB-6C7A-4E7D-A6D7-289E4252D718}.Debug|Any CPU.ActiveCfg = Debug|Any CPU
		{443949BB-6C7A-4E7D-A6D7-289E4252D718}.Debug|Any CPU.Build.0 = Debug|Any CPU
		{443949BB-6C7A-4E7D-A6D7-289E4252D718}.Release|Any CPU.ActiveCfg = Release|Any CPU
		{443949BB-6C7A-4E7D-A6D7-289E4252D718}.Release|Any CPU.Build.0 = Release|Any CPU
		{A84E0446-241F-4954-AFA6-A94287BF512E}.Debug|Any CPU.ActiveCfg = Debug|Any CPU
		{A84E0446-241F-4954-AFA6-A94287BF512E}.Debug|Any CPU.Build.0 = Debug|Any CPU
		{A84E0446-241F-4954-AFA6-A94287BF512E}.Release|Any CPU.ActiveCfg = Release|Any CPU
		{A84E0446-241F-4954-AFA6-A94287BF512E}.Release|Any CPU.Build.0 = Release|Any CPU
		{F3D6FBA1-4820-4492-99B4-1B9CD8539A77}.Debug|Any CPU.ActiveCfg = Debug|Any CPU
		{F3D6FBA1-4820-4492-99B4-1B9CD8539A77}.Debug|Any CPU.Build.0 = Debug|Any CPU
		{F3D6FBA1-4820-4492-99B4-1B9CD8539A77}.Release|Any CPU.ActiveCfg = Release|Any CPU
		{F3D6FBA1-4820-4492-99B4-1B9CD8539A77}.Release|Any CPU.Build.0 = Release|Any CPU
	EndGlobalSection
EndGlobal
